
Microsoft Visual Studio Solution File, Format Version 12.00
# Visual Studio Version 16
VisualStudioVersion = 16.0.31205.134
MinimumVisualStudioVersion = 10.0.40219.1
Project("{9A19103F-16F7-4668-BE54-9A1E7A4F7556}") = "PaymentGateway", "PaymentGateway\PaymentGateway.csproj", "{CDC49BCD-C60E-4B36-8862-8BD329BC124A}"
EndProject
Project("{9A19103F-16F7-4668-BE54-9A1E7A4F7556}") = "PaymentGateway.Test", "PaymentGateway.Test\PaymentGateway.Test.csproj", "{A826A228-4475-46AF-8A17-E2F8D5F14F4B}"
EndProject
Global
	GlobalSection(SolutionConfigurationPlatforms) = preSolution
		Debug|Any CPU = Debug|Any CPU
		Release|Any CPU = Release|Any CPU
	EndGlobalSection
	GlobalSection(ProjectConfigurationPlatforms) = postSolution
		{CDC49BCD-C60E-4B36-8862-8BD329BC124A}.Debug|Any CPU.ActiveCfg = Debug|Any CPU
		{CDC49BCD-C60E-4B36-8862-8BD329BC124A}.Debug|Any CPU.Build.0 = Debug|Any CPU
		{CDC49BCD-C60E-4B36-8862-8BD329BC124A}.Release|Any CPU.ActiveCfg = Release|Any CPU
		{CDC49BCD-C60E-4B36-8862-8BD329BC124A}.Release|Any CPU.Build.0 = Release|Any CPU
		{A826A228-4475-46AF-8A17-E2F8D5F14F4B}.Debug|Any CPU.ActiveCfg = Debug|Any CPU
		{A826A228-4475-46AF-8A17-E2F8D5F14F4B}.Debug|Any CPU.Build.0 = Debug|Any CPU
		{A826A228-4475-46AF-8A17-E2F8D5F14F4B}.Release|Any CPU.ActiveCfg = Release|Any CPU
		{A826A228-4475-46AF-8A17-E2F8D5F14F4B}.Release|Any CPU.Build.0 = Release|Any CPU
	EndGlobalSection
	GlobalSection(SolutionProperties) = preSolution
		HideSolutionNode = FALSE
	EndGlobalSection
	GlobalSection(ExtensibilityGlobals) = postSolution
		SolutionGuid = {5F6FDD59-70EE-4291-B513-1CE41B924173}
	EndGlobalSection
EndGlobal
